
Microsoft Visual Studio Solution File, Format Version 12.00
# Visual Studio 15
Project("{FAE04EC0-301F-11D3-BF4B-00C04F79EFBC}") = "Laboratorio_5", "Laboratorio_5\Laboratorio_5.csproj", "{27E0CCF9-F54A-4A79-A3F0-0F9E17599985}"
EndProject
Global
	GlobalSection(SolutionConfigurationPlatforms) = preSolution
		Debug|anycpu = Debug|anycpu
		Release|anycpu = Release|anycpu
	EndGlobalSection
	GlobalSection(ProjectConfigurationPlatforms) = postSolution
		{27E0CCF9-F54A-4A79-A3F0-0F9E17599985}.Debug|anycpu.ActiveCfg = Debug|anycpu
		{27E0CCF9-F54A-4A79-A3F0-0F9E17599985}.Debug|anycpu.Build.0 = Debug|anycpu
		{27E0CCF9-F54A-4A79-A3F0-0F9E17599985}.Release|anycpu.ActiveCfg = Release|anycpu
		{27E0CCF9-F54A-4A79-A3F0-0F9E17599985}.Release|anycpu.Build.0 = Release|anycpu
	EndGlobalSection
EndGlobal
